
Microsoft Visual Studio Solution File, Format Version 12.00
# Visual Studio Version 16
VisualStudioVersion = 16.0.30615.102
MinimumVisualStudioVersion = 10.0.40219.1
Project("{9A19103F-16F7-4668-BE54-9A1E7A4F7556}") = "Pazaar.Domain", "Pazaar.Domain\Pazaar.Domain.csproj", "{67878F7C-5614-4F73-9211-5DAC5D10395C}"
EndProject
Project("{9A19103F-16F7-4668-BE54-9A1E7A4F7556}") = "Pazaar.Startup", "Pazaar.Startup\Pazaar.Startup.csproj", "{F76C32A5-4371-4093-AA2F-C04613DE93CB}"
EndProject
Project("{9A19103F-16F7-4668-BE54-9A1E7A4F7556}") = "Pazaar.Infrastructure", "Pazaar.Infrastructure\Pazaar.Infrastructure.csproj", "{8D0B81A2-05CE-49C2-B0E6-7B1A3A1E7FB9}"
EndProject
Project("{9A19103F-16F7-4668-BE54-9A1E7A4F7556}") = "Pazaar.Application", "Pazaar.Application\Pazaar.Application.csproj", "{D84C47FC-7C57-429B-8661-E8A9AF8C375F}"
EndProject
Project("{FAE04EC0-301F-11D3-BF4B-00C04F79EFBC}") = "Pazaar.Web", "Pazaar.Web\Pazaar.Web.csproj", "{42D6CD5E-837F-49C2-902A-B4538A9D86E7}"
EndProject
Global
	GlobalSection(SolutionConfigurationPlatforms) = preSolution
		Debug|Any CPU = Debug|Any CPU
		Release|Any CPU = Release|Any CPU
	EndGlobalSection
	GlobalSection(ProjectConfigurationPlatforms) = postSolution
		{67878F7C-5614-4F73-9211-5DAC5D10395C}.Debug|Any CPU.ActiveCfg = Debug|Any CPU
		{67878F7C-5614-4F73-9211-5DAC5D10395C}.Debug|Any CPU.Build.0 = Debug|Any CPU
		{67878F7C-5614-4F73-9211-5DAC5D10395C}.Release|Any CPU.ActiveCfg = Release|Any CPU
		{67878F7C-5614-4F73-9211-5DAC5D10395C}.Release|Any CPU.Build.0 = Release|Any CPU
		{F76C32A5-4371-4093-AA2F-C04613DE93CB}.Debug|Any CPU.ActiveCfg = Debug|Any CPU
		{F76C32A5-4371-4093-AA2F-C04613DE93CB}.Debug|Any CPU.Build.0 = Debug|Any CPU
		{F76C32A5-4371-4093-AA2F-C04613DE93CB}.Release|Any CPU.ActiveCfg = Release|Any CPU
		{F76C32A5-4371-4093-AA2F-C04613DE93CB}.Release|Any CPU.Build.0 = Release|Any CPU
		{8D0B81A2-05CE-49C2-B0E6-7B1A3A1E7FB9}.Debug|Any CPU.ActiveCfg = Debug|Any CPU
		{8D0B81A2-05CE-49C2-B0E6-7B1A3A1E7FB9}.Debug|Any CPU.Build.0 = Debug|Any CPU
		{8D0B81A2-05CE-49C2-B0E6-7B1A3A1E7FB9}.Release|Any CPU.ActiveCfg = Release|Any CPU
		{8D0B81A2-05CE-49C2-B0E6-7B1A3A1E7FB9}.Release|Any CPU.Build.0 = Release|Any CPU
		{D84C47FC-7C57-429B-8661-E8A9AF8C375F}.Debug|Any CPU.ActiveCfg = Debug|Any CPU
		{D84C47FC-7C57-429B-8661-E8A9AF8C375F}.Debug|Any CPU.Build.0 = Debug|Any CPU
		{D84C47FC-7C57-429B-8661-E8A9AF8C375F}.Release|Any CPU.ActiveCfg = Release|Any CPU
		{D84C47FC-7C57-429B-8661-E8A9AF8C375F}.Release|Any CPU.Build.0 = Release|Any CPU
		{42D6CD5E-837F-49C2-902A-B4538A9D86E7}.Debug|Any CPU.ActiveCfg = Debug|Any CPU
		{42D6CD5E-837F-49C2-902A-B4538A9D86E7}.Debug|Any CPU.Build.0 = Debug|Any CPU
		{42D6CD5E-837F-49C2-902A-B4538A9D86E7}.Release|Any CPU.ActiveCfg = Release|Any CPU
		{42D6CD5E-837F-49C2-902A-B4538A9D86E7}.Release|Any CPU.Build.0 = Release|Any CPU
	EndGlobalSection
	GlobalSection(SolutionProperties) = preSolution
		HideSolutionNode = FALSE
	EndGlobalSection
	GlobalSection(ExtensibilityGlobals) = postSolution
		SolutionGuid = {D06BE77A-9D39-43AD-A768-C5D1DEBC5CD3}
	EndGlobalSection
EndGlobal
